
Microsoft Visual Studio Solution File, Format Version 12.00
# Visual Studio Version 17
VisualStudioVersion = 17.4.33103.184
MinimumVisualStudioVersion = 10.0.40219.1
Project("{9A19103F-16F7-4668-BE54-9A1E7A4F7556}") = "RawStringLiterals", "RawStringLiterals\RawStringLiterals.csproj", "{5126EC97-B35A-4A0E-8273-F83866D9FB0C}"
EndProject
Project("{FAE04EC0-301F-11D3-BF4B-00C04F79EFBC}") = "ListPartterns", "ListPartterns\ListPartterns.csproj", "{AC826D50-6A47-4447-A4FD-77B5DC8FDAB9}"
EndProject
Project("{FAE04EC0-301F-11D3-BF4B-00C04F79EFBC}") = "GenericAttributes", "GenericAttributes\GenericAttributes.csproj", "{1B39A20A-E586-4F10-89F5-3C48492EFD42}"
EndProject
Global
	GlobalSection(SolutionConfigurationPlatforms) = preSolution
		Debug|Any CPU = Debug|Any CPU
		Release|Any CPU = Release|Any CPU
	EndGlobalSection
	GlobalSection(ProjectConfigurationPlatforms) = postSolution
		{5126EC97-B35A-4A0E-8273-F83866D9FB0C}.Debug|Any CPU.ActiveCfg = Debug|Any CPU
		{5126EC97-B35A-4A0E-8273-F83866D9FB0C}.Debug|Any CPU.Build.0 = Debug|Any CPU
		{5126EC97-B35A-4A0E-8273-F83866D9FB0C}.Release|Any CPU.ActiveCfg = Release|Any CPU
		{5126EC97-B35A-4A0E-8273-F83866D9FB0C}.Release|Any CPU.Build.0 = Release|Any CPU
		{AC826D50-6A47-4447-A4FD-77B5DC8FDAB9}.Debug|Any CPU.ActiveCfg = Debug|Any CPU
		{AC826D50-6A47-4447-A4FD-77B5DC8FDAB9}.Debug|Any CPU.Build.0 = Debug|Any CPU
		{AC826D50-6A47-4447-A4FD-77B5DC8FDAB9}.Release|Any CPU.ActiveCfg = Release|Any CPU
		{AC826D50-6A47-4447-A4FD-77B5DC8FDAB9}.Release|Any CPU.Build.0 = Release|Any CPU
		{1B39A20A-E586-4F10-89F5-3C48492EFD42}.Debug|Any CPU.ActiveCfg = Debug|Any CPU
		{1B39A20A-E586-4F10-89F5-3C48492EFD42}.Debug|Any CPU.Build.0 = Debug|Any CPU
		{1B39A20A-E586-4F10-89F5-3C48492EFD42}.Release|Any CPU.ActiveCfg = Release|Any CPU
		{1B39A20A-E586-4F10-89F5-3C48492EFD42}.Release|Any CPU.Build.0 = Release|Any CPU
	EndGlobalSection
	GlobalSection(SolutionProperties) = preSolution
		HideSolutionNode = FALSE
	EndGlobalSection
	GlobalSection(ExtensibilityGlobals) = postSolution
		SolutionGuid = {87445E2B-87B4-488D-A15A-36752EEC9F36}
	EndGlobalSection
EndGlobal
